
Microsoft Visual Studio Solution File, Format Version 12.00
# Visual Studio Version 17
VisualStudioVersion = 17.0.31815.197
MinimumVisualStudioVersion = 10.0.40219.1
Project("{9A19103F-16F7-4668-BE54-9A1E7A4F7556}") = "GuestBook", "GuestBook\GuestBook.csproj", "{AF425EF5-BC2C-4547-A530-04F00EF1D5C2}"
EndProject
Project("{FAE04EC0-301F-11D3-BF4B-00C04F79EFBC}") = "GuestBook.UnitTests", "GuestBook.UnitTests\GuestBook.UnitTests.csproj", "{62F1DA30-B55C-4556-81EA-CBAA4D1BF410}"
EndProject
Global
	GlobalSection(SolutionConfigurationPlatforms) = preSolution
		Debug|Any CPU = Debug|Any CPU
		Release|Any CPU = Release|Any CPU
	EndGlobalSection
	GlobalSection(ProjectConfigurationPlatforms) = postSolution
		{AF425EF5-BC2C-4547-A530-04F00EF1D5C2}.Debug|Any CPU.ActiveCfg = Debug|Any CPU
		{AF425EF5-BC2C-4547-A530-04F00EF1D5C2}.Debug|Any CPU.Build.0 = Debug|Any CPU
		{AF425EF5-BC2C-4547-A530-04F00EF1D5C2}.Release|Any CPU.ActiveCfg = Release|Any CPU
		{AF425EF5-BC2C-4547-A530-04F00EF1D5C2}.Release|Any CPU.Build.0 = Release|Any CPU
		{62F1DA30-B55C-4556-81EA-CBAA4D1BF410}.Debug|Any CPU.ActiveCfg = Debug|Any CPU
		{62F1DA30-B55C-4556-81EA-CBAA4D1BF410}.Debug|Any CPU.Build.0 = Debug|Any CPU
		{62F1DA30-B55C-4556-81EA-CBAA4D1BF410}.Release|Any CPU.ActiveCfg = Release|Any CPU
		{62F1DA30-B55C-4556-81EA-CBAA4D1BF410}.Release|Any CPU.Build.0 = Release|Any CPU
	EndGlobalSection
	GlobalSection(SolutionProperties) = preSolution
		HideSolutionNode = FALSE
	EndGlobalSection
	GlobalSection(ExtensibilityGlobals) = postSolution
		SolutionGuid = {ACD28DB0-5788-475D-BE62-0166689153A8}
	EndGlobalSection
EndGlobal
